
Microsoft Visual Studio Solution File, Format Version 12.00
# Visual Studio Version 17
VisualStudioVersion = 17.5.33312.197
MinimumVisualStudioVersion = 10.0.40219.1
Project("{9A19103F-16F7-4668-BE54-9A1E7A4F7556}") = "BlazingTrails.Client", "BlazingTrails.Client\BlazingTrails.Client.csproj", "{3BF1B98B-A015-4864-8301-FA6F02DB6C1B}"
EndProject
Global
	GlobalSection(SolutionConfigurationPlatforms) = preSolution
		Debug|Any CPU = Debug|Any CPU
		Release|Any CPU = Release|Any CPU
	EndGlobalSection
	GlobalSection(ProjectConfigurationPlatforms) = postSolution
		{3BF1B98B-A015-4864-8301-FA6F02DB6C1B}.Debug|Any CPU.ActiveCfg = Debug|Any CPU
		{3BF1B98B-A015-4864-8301-FA6F02DB6C1B}.Debug|Any CPU.Build.0 = Debug|Any CPU
		{3BF1B98B-A015-4864-8301-FA6F02DB6C1B}.Release|Any CPU.ActiveCfg = Release|Any CPU
		{3BF1B98B-A015-4864-8301-FA6F02DB6C1B}.Release|Any CPU.Build.0 = Release|Any CPU
	EndGlobalSection
	GlobalSection(SolutionProperties) = preSolution
		HideSolutionNode = FALSE
	EndGlobalSection
	GlobalSection(ExtensibilityGlobals) = postSolution
		SolutionGuid = {82D512FA-061E-496C-9AF2-D629F749BA9A}
	EndGlobalSection
EndGlobal
